
Microsoft Visual Studio Solution File, Format Version 12.00
# Visual Studio 15
VisualStudioVersion = 15.0.28307.572
MinimumVisualStudioVersion = 10.0.40219.1
Project("{8BC9CEB8-8B4A-11D0-8D11-00A0C91BC942}") = "BinTree", "BinTree\BinTree.vcxproj", "{1C03187D-6714-4FC5-A93B-A16812BB9DF5}"
EndProject
Global
	GlobalSection(SolutionConfigurationPlatforms) = preSolution
		Debug|x64 = Debug|x64
		Debug|x86 = Debug|x86
		Release|x64 = Release|x64
		Release|x86 = Release|x86
	EndGlobalSection
	GlobalSection(ProjectConfigurationPlatforms) = postSolution
		{1C03187D-6714-4FC5-A93B-A16812BB9DF5}.Debug|x64.ActiveCfg = Debug|x64
		{1C03187D-6714-4FC5-A93B-A16812BB9DF5}.Debug|x64.Build.0 = Debug|x64
		{1C03187D-6714-4FC5-A93B-A16812BB9DF5}.Debug|x86.ActiveCfg = Debug|Win32
		{1C03187D-6714-4FC5-A93B-A16812BB9DF5}.Debug|x86.Build.0 = Debug|Win32
		{1C03187D-6714-4FC5-A93B-A16812BB9DF5}.Release|x64.ActiveCfg = Release|x64
		{1C03187D-6714-4FC5-A93B-A16812BB9DF5}.Release|x64.Build.0 = Release|x64
		{1C03187D-6714-4FC5-A93B-A16812BB9DF5}.Release|x86.ActiveCfg = Release|Win32
		{1C03187D-6714-4FC5-A93B-A16812BB9DF5}.Release|x86.Build.0 = Release|Win32
	EndGlobalSection
	GlobalSection(SolutionProperties) = preSolution
		HideSolutionNode = FALSE
	EndGlobalSection
	GlobalSection(ExtensibilityGlobals) = postSolution
		SolutionGuid = {165924C1-7960-453F-A7A2-2EB4D4E7206E}
	EndGlobalSection
EndGlobal
