
Microsoft Visual Studio Solution File, Format Version 12.00
# Visual Studio 15
VisualStudioVersion = 15.0.28307.645
MinimumVisualStudioVersion = 10.0.40219.1
Project("{8BC9CEB8-8B4A-11D0-8D11-00A0C91BC942}") = "Dijkstra", "Dijkstra\Dijkstra.vcxproj", "{01907612-D077-412F-B802-C191419C1A71}"
EndProject
Global
	GlobalSection(SolutionConfigurationPlatforms) = preSolution
		Debug|x64 = Debug|x64
		Debug|x86 = Debug|x86
		Release|x64 = Release|x64
		Release|x86 = Release|x86
	EndGlobalSection
	GlobalSection(ProjectConfigurationPlatforms) = postSolution
		{01907612-D077-412F-B802-C191419C1A71}.Debug|x64.ActiveCfg = Debug|x64
		{01907612-D077-412F-B802-C191419C1A71}.Debug|x64.Build.0 = Debug|x64
		{01907612-D077-412F-B802-C191419C1A71}.Debug|x86.ActiveCfg = Debug|Win32
		{01907612-D077-412F-B802-C191419C1A71}.Debug|x86.Build.0 = Debug|Win32
		{01907612-D077-412F-B802-C191419C1A71}.Release|x64.ActiveCfg = Release|x64
		{01907612-D077-412F-B802-C191419C1A71}.Release|x64.Build.0 = Release|x64
		{01907612-D077-412F-B802-C191419C1A71}.Release|x86.ActiveCfg = Release|Win32
		{01907612-D077-412F-B802-C191419C1A71}.Release|x86.Build.0 = Release|Win32
	EndGlobalSection
	GlobalSection(SolutionProperties) = preSolution
		HideSolutionNode = FALSE
	EndGlobalSection
	GlobalSection(ExtensibilityGlobals) = postSolution
		SolutionGuid = {4D74A8CE-981E-4AE5-B498-5158CB3F6C2F}
	EndGlobalSection
EndGlobal
